
Microsoft Visual Studio Solution File, Format Version 12.00
# Visual Studio Version 16
VisualStudioVersion = 16.0.30309.148
MinimumVisualStudioVersion = 10.0.40219.1
Project("{FAE04EC0-301F-11D3-BF4B-00C04F79EFBC}") = "1000-7", "1000-7\1000-7.csproj", "{B25F12BF-10F6-413A-A575-E32675C35810}"
EndProject
Global
	GlobalSection(SolutionConfigurationPlatforms) = preSolution
		Debug|Any CPU = Debug|Any CPU
		Release|Any CPU = Release|Any CPU
	EndGlobalSection
	GlobalSection(ProjectConfigurationPlatforms) = postSolution
		{B25F12BF-10F6-413A-A575-E32675C35810}.Debug|Any CPU.ActiveCfg = Debug|Any CPU
		{B25F12BF-10F6-413A-A575-E32675C35810}.Debug|Any CPU.Build.0 = Debug|Any CPU
		{B25F12BF-10F6-413A-A575-E32675C35810}.Release|Any CPU.ActiveCfg = Release|Any CPU
		{B25F12BF-10F6-413A-A575-E32675C35810}.Release|Any CPU.Build.0 = Release|Any CPU
	EndGlobalSection
	GlobalSection(SolutionProperties) = preSolution
		HideSolutionNode = FALSE
	EndGlobalSection
	GlobalSection(ExtensibilityGlobals) = postSolution
		SolutionGuid = {97ABB5A7-BA37-4BB2-ABDB-6344F6F2EB91}
	EndGlobalSection
EndGlobal
