
Microsoft Visual Studio Solution File, Format Version 12.00
# Visual Studio Version 16
VisualStudioVersion = 16.0.30309.148
MinimumVisualStudioVersion = 10.0.40219.1
Project("{FAE04EC0-301F-11D3-BF4B-00C04F79EFBC}") = "Greeting", "Greeting\Greeting.csproj", "{9866D178-C3EB-4BB1-9D12-8F4E40DA2431}"
EndProject
Global
	GlobalSection(SolutionConfigurationPlatforms) = preSolution
		Debug|Any CPU = Debug|Any CPU
		Release|Any CPU = Release|Any CPU
	EndGlobalSection
	GlobalSection(ProjectConfigurationPlatforms) = postSolution
		{9866D178-C3EB-4BB1-9D12-8F4E40DA2431}.Debug|Any CPU.ActiveCfg = Debug|Any CPU
		{9866D178-C3EB-4BB1-9D12-8F4E40DA2431}.Debug|Any CPU.Build.0 = Debug|Any CPU
		{9866D178-C3EB-4BB1-9D12-8F4E40DA2431}.Release|Any CPU.ActiveCfg = Release|Any CPU
		{9866D178-C3EB-4BB1-9D12-8F4E40DA2431}.Release|Any CPU.Build.0 = Release|Any CPU
	EndGlobalSection
	GlobalSection(SolutionProperties) = preSolution
		HideSolutionNode = FALSE
	EndGlobalSection
	GlobalSection(ExtensibilityGlobals) = postSolution
		SolutionGuid = {50A7F705-6D13-44DD-AF32-CFF421641F6B}
	EndGlobalSection
EndGlobal
