
Microsoft Visual Studio Solution File, Format Version 12.00
# Visual Studio Version 16
VisualStudioVersion = 16.0.30309.148
MinimumVisualStudioVersion = 10.0.40219.1
Project("{FAE04EC0-301F-11D3-BF4B-00C04F79EFBC}") = "Nums1To10", "Nums1To10\Nums1To10.csproj", "{A9BE954E-7CEE-48A5-8938-F95D5E4BEA05}"
EndProject
Global
	GlobalSection(SolutionConfigurationPlatforms) = preSolution
		Debug|Any CPU = Debug|Any CPU
		Release|Any CPU = Release|Any CPU
	EndGlobalSection
	GlobalSection(ProjectConfigurationPlatforms) = postSolution
		{A9BE954E-7CEE-48A5-8938-F95D5E4BEA05}.Debug|Any CPU.ActiveCfg = Debug|Any CPU
		{A9BE954E-7CEE-48A5-8938-F95D5E4BEA05}.Debug|Any CPU.Build.0 = Debug|Any CPU
		{A9BE954E-7CEE-48A5-8938-F95D5E4BEA05}.Release|Any CPU.ActiveCfg = Release|Any CPU
		{A9BE954E-7CEE-48A5-8938-F95D5E4BEA05}.Release|Any CPU.Build.0 = Release|Any CPU
	EndGlobalSection
	GlobalSection(SolutionProperties) = preSolution
		HideSolutionNode = FALSE
	EndGlobalSection
	GlobalSection(ExtensibilityGlobals) = postSolution
		SolutionGuid = {C00A9723-A7D4-45E1-9931-AE60A30384A4}
	EndGlobalSection
EndGlobal
